# This file is automatically @generated by Cargo.
# It is not intended for manual editing.
version = 4

[[package]]
name = "aes"
version = "0.8.4"
source = "registry+https://github.com/rust-lang/crates.io-index"
checksum = "b169f7a6d4742236a0a00c541b845991d0ac43e546831af1249753ab4c3aa3a0"
dependencies = [
 "cfg-if",
 "cipher",
 "cpufeatures",
]

[[package]]
name = "autocfg"
version = "1.5.0"
source = "registry+https://github.com/rust-lang/crates.io-index"
checksum = "c08606f8c3cbf4ce6ec8e28fb0014a2c086708fe954eaa885384a6165172e7e8"

[[package]]
name = "base16ct"
version = "1.0.0"
source = "registry+https://github.com/rust-lang/crates.io-index"
checksum = "fd307490d624467aa6f74b0eabb77633d1f758a7b25f12bceb0b22e08d9726f6"

[[package]]
name = "block-buffer"
version = "0.10.4"
source = "registry+https://github.com/rust-lang/crates.io-index"
checksum = "3078c7629b62d3f0439517fa394996acacc5cbc91c5a20d8c658e77abd503a71"
dependencies = [
 "generic-array",
]

[[package]]
name = "block-buffer"
version = "0.11.0"
source = "registry+https://github.com/rust-lang/crates.io-index"
checksum = "96eb4cdd6cf1b31d671e9efe75c5d1ec614776856cefbe109ca373554a6d514f"
dependencies = [
 "hybrid-array",
]

[[package]]
name = "block-padding"
version = "0.3.3"
source = "registry+https://github.com/rust-lang/crates.io-index"
checksum = "a8894febbff9f758034a5b8e12d87918f56dfc64a8e1fe757d65e29041538d93"
dependencies = [
 "generic-array",
]

[[package]]
name = "bluetti-encryption"
version = "0.1.0"
dependencies = [
 "aes",
 "cbc",
 "heapless",
 "hex",
 "hex-literal",
 "log",
 "md-5",
 "p256",
 "rand_core",
]

[[package]]
name = "byteorder"
version = "1.5.0"
source = "registry+https://github.com/rust-lang/crates.io-index"
checksum = "1fd0f2584146f6f2ef48085050886acf353beff7305ebd1ae69500e27c67f64b"

[[package]]
name = "cbc"
version = "0.1.2"
source = "registry+https://github.com/rust-lang/crates.io-index"
checksum = "26b52a9543ae338f279b96b0b9fed9c8093744685043739079ce85cd58f289a6"
dependencies = [
 "cipher",
]

[[package]]
name = "cfg-if"
version = "1.0.4"
source = "registry+https://github.com/rust-lang/crates.io-index"
checksum = "9330f8b2ff13f34540b44e946ef35111825727b38d33286ef986142615121801"

[[package]]
name = "cipher"
version = "0.4.4"
source = "registry+https://github.com/rust-lang/crates.io-index"
checksum = "773f3b9af64447d2ce9850330c473515014aa235e6a783b02db81ff39e4a3dad"
dependencies = [
 "crypto-common 0.1.7",
 "inout",
]

[[package]]
name = "cmov"
version = "0.5.2"
source = "registry+https://github.com/rust-lang/crates.io-index"
checksum = "de0758edba32d61d1fd9f4d69491b47604b91ee2f7e6b33de7e54ca4ebe55dc3"

[[package]]
name = "const-oid"
version = "0.10.2"
source = "registry+https://github.com/rust-lang/crates.io-index"
checksum = "a6ef517f0926dd24a1582492c791b6a4818a4d94e789a334894aa15b0d12f55c"

[[package]]
name = "cpubits"
version = "0.1.0"
source = "registry+https://github.com/rust-lang/crates.io-index"
checksum = "5ef0c543070d296ea414df2dd7625d1b24866ce206709d8a4a424f28377f5861"

[[package]]
name = "cpufeatures"
version = "0.2.17"
source = "registry+https://github.com/rust-lang/crates.io-index"
checksum = "59ed5838eebb26a2bb2e58f6d5b5316989ae9d08bab10e0e6d103e656d1b0280"
dependencies = [
 "libc",
]

[[package]]
name = "crypto-bigint"
version = "0.7.0-rc.25"
source = "registry+https://github.com/rust-lang/crates.io-index"
checksum = "cba9eeeb213f7fd29353032f71f7c173e5f6d95d85151cb3a47197b0ea7e8be7"
dependencies = [
 "cpubits",
 "ctutils",
 "hybrid-array",
 "num-traits",
 "rand_core",
 "subtle",
 "zeroize",
]

[[package]]
name = "crypto-common"
version = "0.1.7"
source = "registry+https://github.com/rust-lang/crates.io-index"
checksum = "78c8292055d1c1df0cce5d180393dc8cce0abec0a7102adb6c7b1eef6016d60a"
dependencies = [
 "generic-array",
 "typenum",
]

[[package]]
name = "crypto-common"
version = "0.2.0"
source = "registry+https://github.com/rust-lang/crates.io-index"
checksum = "211f05e03c7d03754740fd9e585de910a095d6b99f8bcfffdef8319fa02a8331"
dependencies = [
 "hybrid-array",
 "rand_core",
]

[[package]]
name = "ctutils"
version = "0.4.0"
source = "registry+https://github.com/rust-lang/crates.io-index"
checksum = "1005a6d4446f5120ef475ad3d2af2b30c49c2c9c6904258e3bb30219bebed5e4"
dependencies = [
 "cmov",
 "subtle",
]

[[package]]
name = "der"
version = "0.8.0-rc.10"
source = "registry+https://github.com/rust-lang/crates.io-index"
checksum = "02c1d73e9668ea6b6a28172aa55f3ebec38507131ce179051c8033b5c6037653"
dependencies = [
 "const-oid",
 "zeroize",
]

[[package]]
name = "digest"
version = "0.10.7"
source = "registry+https://github.com/rust-lang/crates.io-index"
checksum = "9ed9a281f7bc9b7576e61468ba615a66a5c8cfdff42420a70aa82701a3b1e292"
dependencies = [
 "block-buffer 0.10.4",
 "crypto-common 0.1.7",
]

[[package]]
name = "digest"
version = "0.11.0-rc.11"
source = "registry+https://github.com/rust-lang/crates.io-index"
checksum = "02b42f1d9edf5207c137646b568a0168ca0ec25b7f9eaf7f9961da51a3d91cea"
dependencies = [
 "block-buffer 0.11.0",
 "const-oid",
 "crypto-common 0.2.0",
 "subtle",
]

[[package]]
name = "ecdsa"
version = "0.17.0-rc.16"
source = "registry+https://github.com/rust-lang/crates.io-index"
checksum = "91bbdd377139884fafcad8dc43a760a3e1e681aa26db910257fa6535b70e1829"
dependencies = [
 "der",
 "digest 0.11.0-rc.11",
 "elliptic-curve",
 "rfc6979",
 "signature",
 "zeroize",
]

[[package]]
name = "elliptic-curve"
version = "0.14.0-rc.28"
source = "registry+https://github.com/rust-lang/crates.io-index"
checksum = "bde7860544606d222fd6bd6d9f9a0773321bf78072a637e1d560a058c0031978"
dependencies = [
 "base16ct",
 "crypto-bigint",
 "crypto-common 0.2.0",
 "digest 0.11.0-rc.11",
 "hkdf",
 "hybrid-array",
 "rand_core",
 "rustcrypto-ff",
 "rustcrypto-group",
 "sec1",
 "subtle",
 "zeroize",
]

[[package]]
name = "generic-array"
version = "0.14.7"
source = "registry+https://github.com/rust-lang/crates.io-index"
checksum = "85649ca51fd72272d7821adaf274ad91c288277713d9c18820d8499a7ff69e9a"
dependencies = [
 "typenum",
 "version_check",
]

[[package]]
name = "hash32"
version = "0.3.1"
source = "registry+https://github.com/rust-lang/crates.io-index"
checksum = "47d60b12902ba28e2730cd37e95b8c9223af2808df9e902d4df49588d1470606"
dependencies = [
 "byteorder",
]

[[package]]
name = "heapless"
version = "0.8.0"
source = "registry+https://github.com/rust-lang/crates.io-index"
checksum = "0bfb9eb618601c89945a70e254898da93b13be0388091d42117462b265bb3fad"
dependencies = [
 "hash32",
 "stable_deref_trait",
]

[[package]]
name = "hex"
version = "0.4.3"
source = "registry+https://github.com/rust-lang/crates.io-index"
checksum = "7f24254aa9a54b5c858eaee2f5bccdb46aaf0e486a595ed5fd8f86ba55232a70"

[[package]]
name = "hex-literal"
version = "1.1.0"
source = "registry+https://github.com/rust-lang/crates.io-index"
checksum = "e712f64ec3850b98572bffac52e2c6f282b29fe6c5fa6d42334b30be438d95c1"

[[package]]
name = "hkdf"
version = "0.13.0-rc.5"
source = "registry+https://github.com/rust-lang/crates.io-index"
checksum = "cbb55385998ae66b8d2d5143c05c94b9025ab863966f0c94ce7a5fde30105092"
dependencies = [
 "hmac",
]

[[package]]
name = "hmac"
version = "0.13.0-rc.5"
source = "registry+https://github.com/rust-lang/crates.io-index"
checksum = "ef451d73f36d8a3f93ad32c332ea01146c9650e1ec821a9b0e46c01277d544f8"
dependencies = [
 "digest 0.11.0-rc.11",
]

[[package]]
name = "hybrid-array"
version = "0.4.7"
source = "registry+https://github.com/rust-lang/crates.io-index"
checksum = "e1b229d73f5803b562cc26e4da0396c8610a4ee209f4fac8fa4f8d709166dc45"
dependencies = [
 "subtle",
 "typenum",
 "zeroize",
]

[[package]]
name = "inout"
version = "0.1.4"
source = "registry+https://github.com/rust-lang/crates.io-index"
checksum = "879f10e63c20629ecabbb64a8010319738c66a5cd0c29b02d63d272b03751d01"
dependencies = [
 "block-padding",
 "generic-array",
]

[[package]]
name = "libc"
version = "0.2.180"
source = "registry+https://github.com/rust-lang/crates.io-index"
checksum = "bcc35a38544a891a5f7c865aca548a982ccb3b8650a5b06d0fd33a10283c56fc"

[[package]]
name = "log"
version = "0.4.29"
source = "registry+https://github.com/rust-lang/crates.io-index"
checksum = "5e5032e24019045c762d3c0f28f5b6b8bbf38563a65908389bf7978758920897"

[[package]]
name = "md-5"
version = "0.10.6"
source = "registry+https://github.com/rust-lang/crates.io-index"
checksum = "d89e7ee0cfbedfc4da3340218492196241d89eefb6dab27de5df917a6d2e78cf"
dependencies = [
 "cfg-if",
 "digest 0.10.7",
]

[[package]]
name = "num-traits"
version = "0.2.19"
source = "registry+https://github.com/rust-lang/crates.io-index"
checksum = "071dfc062690e90b734c0b2273ce72ad0ffa95f0c74596bc250dcfd960262841"
dependencies = [
 "autocfg",
]

[[package]]
name = "p256"
version = "0.14.0-rc.7"
source = "registry+https://github.com/rust-lang/crates.io-index"
checksum = "018bfbb86e05fd70a83e985921241035ee09fcd369c4a2c3680b389a01d2ad28"
dependencies = [
 "ecdsa",
 "elliptic-curve",
 "primefield",
 "primeorder",
 "sha2",
]

[[package]]
name = "primefield"
version = "0.14.0-rc.7"
source = "registry+https://github.com/rust-lang/crates.io-index"
checksum = "93401c13cc7ff24684571cfca9d3cf9ebabfaf3d4b7b9963ade41ec54da196b5"
dependencies = [
 "crypto-bigint",
 "crypto-common 0.2.0",
 "rand_core",
 "rustcrypto-ff",
 "subtle",
 "zeroize",
]

[[package]]
name = "primeorder"
version = "0.14.0-rc.7"
source = "registry+https://github.com/rust-lang/crates.io-index"
checksum = "a0c5c8a39bcd764bfedf456e8d55e115fe86dda3e0f555371849f2a41cbc9706"
dependencies = [
 "elliptic-curve",
]

[[package]]
name = "rand_core"
version = "0.10.0"
source = "registry+https://github.com/rust-lang/crates.io-index"
checksum = "0c8d0fd677905edcbeedbf2edb6494d676f0e98d54d5cf9bda0b061cb8fb8aba"

[[package]]
name = "rfc6979"
version = "0.5.0-rc.5"
source = "registry+https://github.com/rust-lang/crates.io-index"
checksum = "23a3127ee32baec36af75b4107082d9bd823501ec14a4e016be4b6b37faa74ae"
dependencies = [
 "hmac",
 "subtle",
]

[[package]]
name = "rustcrypto-ff"
version = "0.14.0-rc.0"
source = "registry+https://github.com/rust-lang/crates.io-index"
checksum = "c5db129183b2c139d7d87d08be57cba626c715789db17aec65c8866bfd767d1f"
dependencies = [
 "rand_core",
 "subtle",
]

[[package]]
name = "rustcrypto-group"
version = "0.14.0-rc.0"
source = "registry+https://github.com/rust-lang/crates.io-index"
checksum = "57c4b1463f274a3ff6fb2f44da43e576cb9424367bd96f185ead87b52fe00523"
dependencies = [
 "rand_core",
 "rustcrypto-ff",
 "subtle",
]

[[package]]
name = "sec1"
version = "0.8.0-rc.13"
source = "registry+https://github.com/rust-lang/crates.io-index"
checksum = "7a2400ed44a13193820aa528a19f376c3843141a8ce96ff34b11104cc79763f2"
dependencies = [
 "base16ct",
 "ctutils",
 "der",
 "hybrid-array",
 "subtle",
 "zeroize",
]

[[package]]
name = "sha2"
version = "0.11.0-rc.5"
source = "registry+https://github.com/rust-lang/crates.io-index"
checksum = "7c5f3b1e2dc8aad28310d8410bd4d7e180eca65fca176c52ab00d364475d0024"
dependencies = [
 "cfg-if",
 "cpufeatures",
 "digest 0.11.0-rc.11",
]

[[package]]
name = "signature"
version = "3.0.0-rc.10"
source = "registry+https://github.com/rust-lang/crates.io-index"
checksum = "7f1880df446116126965eeec169136b2e0251dba37c6223bcc819569550edea3"
dependencies = [
 "digest 0.11.0-rc.11",
 "rand_core",
]

[[package]]
name = "stable_deref_trait"
version = "1.2.1"
source = "registry+https://github.com/rust-lang/crates.io-index"
checksum = "6ce2be8dc25455e1f91df71bfa12ad37d7af1092ae736f3a6cd0e37bc7810596"

[[package]]
name = "subtle"
version = "2.6.1"
source = "registry+https://github.com/rust-lang/crates.io-index"
checksum = "13c2bddecc57b384dee18652358fb23172facb8a2c51ccc10d74c157bdea3292"

[[package]]
name = "typenum"
version = "1.19.0"
source = "registry+https://github.com/rust-lang/crates.io-index"
checksum = "562d481066bde0658276a35467c4af00bdc6ee726305698a55b86e61d7ad82bb"

[[package]]
name = "version_check"
version = "0.9.5"
source = "registry+https://github.com/rust-lang/crates.io-index"
checksum = "0b928f33d975fc6ad9f86c8f283853ad26bdd5b10b7f1542aa2fa15e2289105a"

[[package]]
name = "zeroize"
version = "1.8.2"
source = "registry+https://github.com/rust-lang/crates.io-index"
checksum = "b97154e67e32c85465826e8bcc1c59429aaaf107c1e4a9e53c8d8ccd5eff88d0"
